uuid: 1f3f1a55-2eae-45a0-ad65-28e89314625d
langcode: en
status: true
dependencies:
  module:
    - arvestbank_blocks
    - cohesion
  theme:
    - arvestbank_theme
id: globalcopyrightblock
theme: arvestbank_theme
region: footer
weight: -25
provider: null
plugin: global_copyright_block
settings:
  id: global_copyright_block
  label: 'Global Copyright Block'
  label_display: visible
  provider: arvestbank_blocks
visibility:
  cohesion_master_template:
    id: cohesion_master_template
    negate: false
    using_master_template: 0
