uuid: 79ddabf1-5bcf-4bdd-b3ac-68be1233c4c9
langcode: en
status: true
dependencies:
  module:
    - arvestbank_external_login
    - cohesion
  theme:
    - arvestbank_theme
id: homepageexternalloginblock
theme: arvestbank_theme
region: dx8_hidden
weight: -1
provider: null
plugin: homepage_external_login_block
settings:
  id: homepage_external_login_block
  label: 'My Accounts'
  label_display: visible
  provider: arvestbank_external_login
visibility:
  cohesion_master_template:
    id: cohesion_master_template
    negate: false
    using_master_template: 0
