uuid: db9d521f-6ce1-47d7-9168-eeb2b68d0105
langcode: en
status: true
dependencies:
  config:
    - views.view.mortgage_loan_officer_block
  module:
    - cohesion
    - views
  theme:
    - arvestbank_theme
id: views_block__mortgage_loan_officer_block_mortgage_block
theme: arvestbank_theme
region: dx8_hidden
weight: 0
provider: null
plugin: 'views_block:mortgage_loan_officer_block-mortgage_block'
settings:
  id: 'views_block:mortgage_loan_officer_block-mortgage_block'
  label: ''
  provider: views
  label_display: '0'
  views_label: ''
  items_per_page: none
visibility:
  cohesion_master_template:
    id: cohesion_master_template
    using_master_template: 0
    negate: false
